
Microsoft Visual Studio Solution File, Format Version 12.00
# Visual Studio Version 17
VisualStudioVersion = 17.14.36414.22 d17.14
MinimumVisualStudioVersion = 10.0.40219.1
Project("{FAE04EC0-301F-11D3-BF4B-00C04F79EFBC}") = "GodFather", "GodFather.csproj", "{ABAAFEB3-599A-45FC-A710-95C016D3AD0B}"
EndProject
Global
	GlobalSection(SolutionConfigurationPlatforms) = preSolution
		Debug|Any CPU = Debug|Any CPU
		Release|Any CPU = Release|Any CPU
	EndGlobalSection
	GlobalSection(ProjectConfigurationPlatforms) = postSolution
		{ABAAFEB3-599A-45FC-A710-95C016D3AD0B}.Debug|Any CPU.ActiveCfg = Debug|Any CPU
		{ABAAFEB3-599A-45FC-A710-95C016D3AD0B}.Debug|Any CPU.Build.0 = Debug|Any CPU
		{ABAAFEB3-599A-45FC-A710-95C016D3AD0B}.Release|Any CPU.ActiveCfg = Release|Any CPU
		{ABAAFEB3-599A-45FC-A710-95C016D3AD0B}.Release|Any CPU.Build.0 = Release|Any CPU
	EndGlobalSection
	GlobalSection(SolutionProperties) = preSolution
		HideSolutionNode = FALSE
	EndGlobalSection
	GlobalSection(ExtensibilityGlobals) = postSolution
		SolutionGuid = {C7BBCD0E-3912-4D0C-885C-5CC8B101EDF5}
	EndGlobalSection
EndGlobal
